// !$*UTF8*$!
{
	archiveVersion = 1;
	classes = {
	};
	objectVersion = 46;
	objects = {

/* Begin PBXBuildFile section */
		218BC19A1BBB20A600FF6A9E /* Gif.swift in Sources */ = {isa = PBXBuildFile; fileRef = 218BC1991BBB20A600FF6A9E /* Gif.swift */; settings = {ASSET_TAGS = (); }; };
		218BC19C1BBB4F1E00FF6A9E /* longeranimated.gif in Resources */ = {isa = PBXBuildFile; fileRef = 218BC19B1BBB4F1E00FF6A9E /* longeranimated.gif */; settings = {ASSET_TAGS = (); }; };
		21AC4C5B1BB24CD300375999 /* circle-second-page.png in Resources */ = {isa = PBXBuildFile; fileRef = 21AC4C591BB24CD200375999 /* circle-second-page.png */; settings = {ASSET_TAGS = (); }; };
		21AC4C5C1BB24CD300375999 /* circle.png in Resources */ = {isa = PBXBuildFile; fileRef = 21AC4C5A1BB24CD200375999 /* circle.png */; settings = {ASSET_TAGS = (); }; };
		21AC4C5E1BB500FF00375999 /* flash-forward-three-boxes-grayscale.png in Resources */ = {isa = PBXBuildFile; fileRef = 21AC4C5D1BB500FF00375999 /* flash-forward-three-boxes-grayscale.png */; settings = {ASSET_TAGS = (); }; };
		21B160791BCE130F0030BF7C /* animated-threeboxes-10-13.gif in Resources */ = {isa = PBXBuildFile; fileRef = 21B160781BCE130F0030BF7C /* animated-threeboxes-10-13.gif */; settings = {ASSET_TAGS = (); }; };
		21B1607B1BCE160B0030BF7C /* flash-forward-three-boxes.gif in Resources */ = {isa = PBXBuildFile; fileRef = 21B1607A1BCE160B0030BF7C /* flash-forward-three-boxes.gif */; settings = {ASSET_TAGS = (); }; };
		796C356E1B1427E500ABE2FE /* BrowseViewController.swift in Sources */ = {isa = PBXBuildFile; fileRef = 796C356D1B1427E500ABE2FE /* BrowseViewController.swift */; };
		796C35701B142CB200ABE2FE /* SecondBrowseViewController.swift in Sources */ = {isa = PBXBuildFile; fileRef = 796C356F1B142CB200ABE2FE /* SecondBrowseViewController.swift */; };
		796C35721B14328000ABE2FE /* StoreData.swift in Sources */ = {isa = PBXBuildFile; fileRef = 796C35711B14327F00ABE2FE /* StoreData.swift */; };
		79700A9C1B0F03A50060E81D /* AppDelegate.swift in Sources */ = {isa = PBXBuildFile; fileRef = 79700A9B1B0F03A50060E81D /* AppDelegate.swift */; };
		79700A9E1B0F03A50060E81D /* ViewController.swift in Sources */ = {isa = PBXBuildFile; fileRef = 79700A9D1B0F03A50060E81D /* ViewController.swift */; };
		79700AA11B0F03A50060E81D /* Main.storyboard in Resources */ = {isa = PBXBuildFile; fileRef = 79700A9F1B0F03A50060E81D /* Main.storyboard */; };
		79700AA31B0F03A50060E81D /* Images.xcassets in Resources */ = {isa = PBXBuildFile; fileRef = 79700AA21B0F03A50060E81D /* Images.xcassets */; };
		79700AA61B0F03A50060E81D /* LaunchScreen.xib in Resources */ = {isa = PBXBuildFile; fileRef = 79700AA41B0F03A50060E81D /* LaunchScreen.xib */; };
		79700AB21B0F03A50060E81D /* whoscheeringTests.swift in Sources */ = {isa = PBXBuildFile; fileRef = 79700AB11B0F03A50060E81D /* whoscheeringTests.swift */; };
		7972FB421B0F0EB30046B1B7 /* CheerViewController.swift in Sources */ = {isa = PBXBuildFile; fileRef = 7972FB411B0F0EB30046B1B7 /* CheerViewController.swift */; };
		79914B871B60C1D200CCE6C2 /* FMDatabaseAdditionsVariadic.swift in Sources */ = {isa = PBXBuildFile; fileRef = 79914B851B60C1D200CCE6C2 /* FMDatabaseAdditionsVariadic.swift */; };
		79914B881B60C1D200CCE6C2 /* FMDatabaseVariadic.swift in Sources */ = {isa = PBXBuildFile; fileRef = 79914B861B60C1D200CCE6C2 /* FMDatabaseVariadic.swift */; };
		79914B8A1B60C3FE00CCE6C2 /* AlternateViewController.swift in Sources */ = {isa = PBXBuildFile; fileRef = 79914B891B60C3FE00CCE6C2 /* AlternateViewController.swift */; };
		79914B8C1B64197F00CCE6C2 /* FetchViewController.swift in Sources */ = {isa = PBXBuildFile; fileRef = 79914B8B1B64197F00CCE6C2 /* FetchViewController.swift */; };
		7999354E1B4B757800575085 /* FMDatabase.m in Sources */ = {isa = PBXBuildFile; fileRef = 799935441B4B757800575085 /* FMDatabase.m */; };
		7999354F1B4B757800575085 /* FMDatabaseAdditions.m in Sources */ = {isa = PBXBuildFile; fileRef = 799935461B4B757800575085 /* FMDatabaseAdditions.m */; };
		799935501B4B757800575085 /* FMDatabasePool.m in Sources */ = {isa = PBXBuildFile; fileRef = 799935481B4B757800575085 /* FMDatabasePool.m */; };
		799935511B4B757800575085 /* FMDatabaseQueue.m in Sources */ = {isa = PBXBuildFile; fileRef = 7999354A1B4B757800575085 /* FMDatabaseQueue.m */; };
		799935521B4B757800575085 /* FMResultSet.m in Sources */ = {isa = PBXBuildFile; fileRef = 7999354D1B4B757800575085 /* FMResultSet.m */; };
		799935541B4B83F500575085 /* libsqlite3.dylib in Frameworks */ = {isa = PBXBuildFile; fileRef = 799935531B4B83F500575085 /* libsqlite3.dylib */; };
		79E5BAC71B182AA800870AA6 /* TegKeychain.swift in Sources */ = {isa = PBXBuildFile; fileRef = 79E5BAC61B182AA800870AA6 /* TegKeychain.swift */; };
		79E5BAC91B195DC800870AA6 /* TegKeychainConstants.swift in Sources */ = {isa = PBXBuildFile; fileRef = 79E5BAC81B195DC800870AA6 /* TegKeychainConstants.swift */; };
		79E7059F1B5600FA0072B716 /* StoreKit.framework in Frameworks */ = {isa = PBXBuildFile; fileRef = 79E7059E1B5600FA0072B716 /* StoreKit.framework */; };
		79F8CCD71B54C9EE009BF242 /* Reachability.swift in Sources */ = {isa = PBXBuildFile; fileRef = 79F8CCD61B54C9EE009BF242 /* Reachability.swift */; };
/* End PBXBuildFile section */

/* Begin PBXContainerItemProxy section */
		79700AAC1B0F03A50060E81D /* PBXContainerItemProxy */ = {
			isa = PBXContainerItemProxy;
			containerPortal = 79700A8E1B0F03A50060E81D /* Project object */;
			proxyType = 1;
			remoteGlobalIDString = 79700A951B0F03A50060E81D;
			remoteInfo = whoscheering;
		};
/* End PBXContainerItemProxy section */

/* Begin PBXFileReference section */
		218BC1991BBB20A600FF6A9E /* Gif.swift */ = {isa = PBXFileReference; fileEncoding = 4; lastKnownFileType = sourcecode.swift; path = Gif.swift; sourceTree = "<group>"; };
		218BC19B1BBB4F1E00FF6A9E /* longeranimated.gif */ = {isa = PBXFileReference; lastKnownFileType = image.gif; path = longeranimated.gif; sourceTree = "<group>"; };
		21AC4C591BB24CD200375999 /* circle-second-page.png */ = {isa = PBXFileReference; lastKnownFileType = image.png; path = "circle-second-page.png"; sourceTree = "<group>"; };
		21AC4C5A1BB24CD200375999 /* circle.png */ = {isa = PBXFileReference; lastKnownFileType = image.png; path = circle.png; sourceTree = "<group>"; };
		21AC4C5D1BB500FF00375999 /* flash-forward-three-boxes-grayscale.png */ = {isa = PBXFileReference; lastKnownFileType = image.png; path = "flash-forward-three-boxes-grayscale.png"; sourceTree = "<group>"; };
		21B160781BCE130F0030BF7C /* animated-threeboxes-10-13.gif */ = {isa = PBXFileReference; lastKnownFileType = image.gif; path = "animated-threeboxes-10-13.gif"; sourceTree = "<group>"; };
		21B1607A1BCE160B0030BF7C /* flash-forward-three-boxes.gif */ = {isa = PBXFileReference; lastKnownFileType = image.gif; path = "flash-forward-three-boxes.gif"; sourceTree = "<group>"; };
		796C356D1B1427E500ABE2FE /* BrowseViewController.swift */ = {isa = PBXFileReference; fileEncoding = 4; lastKnownFileType = sourcecode.swift; path = BrowseViewController.swift; sourceTree = "<group>"; };
		796C356F1B142CB200ABE2FE /* SecondBrowseViewController.swift */ = {isa = PBXFileReference; fileEncoding = 4; lastKnownFileType = sourcecode.swift; path = SecondBrowseViewController.swift; sourceTree = "<group>"; };
		796C35711B14327F00ABE2FE /* StoreData.swift */ = {isa = PBXFileReference; fileEncoding = 4; lastKnownFileType = sourcecode.swift; path = StoreData.swift; sourceTree = "<group>"; };
		79700A961B0F03A50060E81D /* Flash Force.app */ = {isa = PBXFileReference; explicitFileType = wrapper.application; includeInIndex = 0; path = "Flash Force.app"; sourceTree = BUILT_PRODUCTS_DIR; };
		79700A9A1B0F03A50060E81D /* Info.plist */ = {isa = PBXFileReference; lastKnownFileType = text.plist.xml; path = Info.plist; sourceTree = "<group>"; };
		79700A9B1B0F03A50060E81D /* AppDelegate.swift */ = {isa = PBXFileReference; lastKnownFileType = sourcecode.swift; path = AppDelegate.swift; sourceTree = "<group>"; };
		79700A9D1B0F03A50060E81D /* ViewController.swift */ = {isa = PBXFileReference; lastKnownFileType = sourcecode.swift; path = ViewController.swift; sourceTree = "<group>"; };
		79700AA01B0F03A50060E81D /* Base */ = {isa = PBXFileReference; lastKnownFileType = file.storyboard; name = Base; path = Base.lproj/Main.storyboard; sourceTree = "<group>"; };
		79700AA21B0F03A50060E81D /* Images.xcassets */ = {isa = PBXFileReference; lastKnownFileType = folder.assetcatalog; path = Images.xcassets; sourceTree = "<group>"; };
		79700AA51B0F03A50060E81D /* Base */ = {isa = PBXFileReference; lastKnownFileType = file.xib; name = Base; path = Base.lproj/LaunchScreen.xib; sourceTree = "<group>"; };
		79700AAB1B0F03A50060E81D /* Flash ForceTests.xctest */ = {isa = PBXFileReference; explicitFileType = wrapper.cfbundle; includeInIndex = 0; path = "Flash ForceTests.xctest"; sourceTree = BUILT_PRODUCTS_DIR; };
		79700AB01B0F03A50060E81D /* Info.plist */ = {isa = PBXFileReference; lastKnownFileType = text.plist.xml; path = Info.plist; sourceTree = "<group>"; };
		79700AB11B0F03A50060E81D /* whoscheeringTests.swift */ = {isa = PBXFileReference; lastKnownFileType = sourcecode.swift; path = whoscheeringTests.swift; sourceTree = "<group>"; };
		7972FB411B0F0EB30046B1B7 /* CheerViewController.swift */ = {isa = PBXFileReference; fileEncoding = 4; lastKnownFileType = sourcecode.swift; path = CheerViewController.swift; sourceTree = "<group>"; };
		79914B851B60C1D200CCE6C2 /* FMDatabaseAdditionsVariadic.swift */ = {isa = PBXFileReference; fileEncoding = 4; lastKnownFileType = sourcecode.swift; path = FMDatabaseAdditionsVariadic.swift; sourceTree = "<group>"; };
		79914B861B60C1D200CCE6C2 /* FMDatabaseVariadic.swift */ = {isa = PBXFileReference; fileEncoding = 4; lastKnownFileType = sourcecode.swift; path = FMDatabaseVariadic.swift; sourceTree = "<group>"; };
		79914B891B60C3FE00CCE6C2 /* AlternateViewController.swift */ = {isa = PBXFileReference; fileEncoding = 4; lastKnownFileType = sourcecode.swift; path = AlternateViewController.swift; sourceTree = "<group>"; };
		79914B8B1B64197F00CCE6C2 /* FetchViewController.swift */ = {isa = PBXFileReference; fileEncoding = 4; lastKnownFileType = sourcecode.swift; path = FetchViewController.swift; sourceTree = "<group>"; };
		799935421B4B757700575085 /* whoscheering-Bridging-Header.h */ = {isa = PBXFileReference; lastKnownFileType = sourcecode.c.h; path = "whoscheering-Bridging-Header.h"; sourceTree = "<group>"; };
		799935431B4B757800575085 /* FMDatabase.h */ = {isa = PBXFileReference; fileEncoding = 4; lastKnownFileType = sourcecode.c.h; path = FMDatabase.h; sourceTree = "<group>"; };
		799935441B4B757800575085 /* FMDatabase.m */ = {isa = PBXFileReference; fileEncoding = 4; lastKnownFileType = sourcecode.c.objc; path = FMDatabase.m; sourceTree = "<group>"; };
		799935451B4B757800575085 /* FMDatabaseAdditions.h */ = {isa = PBXFileReference; fileEncoding = 4; lastKnownFileType = sourcecode.c.h; path = FMDatabaseAdditions.h; sourceTree = "<group>"; };
		799935461B4B757800575085 /* FMDatabaseAdditions.m */ = {isa = PBXFileReference; fileEncoding = 4; lastKnownFileType = sourcecode.c.objc; path = FMDatabaseAdditions.m; sourceTree = "<group>"; };
		799935471B4B757800575085 /* FMDatabasePool.h */ = {isa = PBXFileReference; fileEncoding = 4; lastKnownFileType = sourcecode.c.h; path = FMDatabasePool.h; sourceTree = "<group>"; };
		799935481B4B757800575085 /* FMDatabasePool.m */ = {isa = PBXFileReference; fileEncoding = 4; lastKnownFileType = sourcecode.c.objc; path = FMDatabasePool.m; sourceTree = "<group>"; };
		799935491B4B757800575085 /* FMDatabaseQueue.h */ = {isa = PBXFileReference; fileEncoding = 4; lastKnownFileType = sourcecode.c.h; path = FMDatabaseQueue.h; sourceTree = "<group>"; };
		7999354A1B4B757800575085 /* FMDatabaseQueue.m */ = {isa = PBXFileReference; fileEncoding = 4; lastKnownFileType = sourcecode.c.objc; path = FMDatabaseQueue.m; sourceTree = "<group>"; };
		7999354B1B4B757800575085 /* FMDB.h */ = {isa = PBXFileReference; fileEncoding = 4; lastKnownFileType = sourcecode.c.h; path = FMDB.h; sourceTree = "<group>"; };
		7999354C1B4B757800575085 /* FMResultSet.h */ = {isa = PBXFileReference; fileEncoding = 4; lastKnownFileType = sourcecode.c.h; path = FMResultSet.h; sourceTree = "<group>"; };
		7999354D1B4B757800575085 /* FMResultSet.m */ = {isa = PBXFileReference; fileEncoding = 4; lastKnownFileType = sourcecode.c.objc; path = FMResultSet.m; sourceTree = "<group>"; };
		799935531B4B83F500575085 /* libsqlite3.dylib */ = {isa = PBXFileReference; lastKnownFileType = "compiled.mach-o.dylib"; name = libsqlite3.dylib; path = usr/lib/libsqlite3.dylib; sourceTree = SDKROOT; };
		799935551B4B8C6900575085 /* ff.db */ = {isa = PBXFileReference; lastKnownFileType = file; path = ff.db; sourceTree = "<group>"; };
		79E5BAC61B182AA800870AA6 /* TegKeychain.swift */ = {isa = PBXFileReference; fileEncoding = 4; lastKnownFileType = sourcecode.swift; path = TegKeychain.swift; sourceTree = "<group>"; };
		79E5BAC81B195DC800870AA6 /* TegKeychainConstants.swift */ = {isa = PBXFileReference; fileEncoding = 4; lastKnownFileType = sourcecode.swift; path = TegKeychainConstants.swift; sourceTree = "<group>"; };
		79E7059E1B5600FA0072B716 /* StoreKit.framework */ = {isa = PBXFileReference; lastKnownFileType = wrapper.framework; name = StoreKit.framework; path = System/Library/Frameworks/StoreKit.framework; sourceTree = SDKROOT; };
		79F8CCD61B54C9EE009BF242 /* Reachability.swift */ = {isa = PBXFileReference; fileEncoding = 4; lastKnownFileType = sourcecode.swift; path = Reachability.swift; sourceTree = "<group>"; };
/* End PBXFileReference section */

/* Begin PBXFrameworksBuildPhase section */
		79700A931B0F03A50060E81D /* Frameworks */ = {
			isa = PBXFrameworksBuildPhase;
			buildActionMask = 2147483647;
			files = (
				799935541B4B83F500575085 /* libsqlite3.dylib in Frameworks */,
				79E7059F1B5600FA0072B716 /* StoreKit.framework in Frameworks */,
			);
			runOnlyForDeploymentPostprocessing = 0;
		};
		79700AA81B0F03A50060E81D /* Frameworks */ = {
			isa = PBXFrameworksBuildPhase;
			buildActionMask = 2147483647;
			files = (
			);
			runOnlyForDeploymentPostprocessing = 0;
		};
/* End PBXFrameworksBuildPhase section */

/* Begin PBXGroup section */
		79700A8D1B0F03A50060E81D = {
			isa = PBXGroup;
			children = (
				79E7059E1B5600FA0072B716 /* StoreKit.framework */,
				799935531B4B83F500575085 /* libsqlite3.dylib */,
				79700A981B0F03A50060E81D /* flashforce */,
				79700AAE1B0F03A50060E81D /* whoscheeringTests */,
				79700A971B0F03A50060E81D /* Products */,
			);
			sourceTree = "<group>";
		};
		79700A971B0F03A50060E81D /* Products */ = {
			isa = PBXGroup;
			children = (
				79700A961B0F03A50060E81D /* Flash Force.app */,
				79700AAB1B0F03A50060E81D /* Flash ForceTests.xctest */,
			);
			name = Products;
			sourceTree = "<group>";
		};
		79700A981B0F03A50060E81D /* flashforce */ = {
			isa = PBXGroup;
			children = (
				79700A9B1B0F03A50060E81D /* AppDelegate.swift */,
				79914B8B1B64197F00CCE6C2 /* FetchViewController.swift */,
				79700A9D1B0F03A50060E81D /* ViewController.swift */,
				7972FB411B0F0EB30046B1B7 /* CheerViewController.swift */,
				796C356D1B1427E500ABE2FE /* BrowseViewController.swift */,
				796C356F1B142CB200ABE2FE /* SecondBrowseViewController.swift */,
				79914B891B60C3FE00CCE6C2 /* AlternateViewController.swift */,
				796C35711B14327F00ABE2FE /* StoreData.swift */,
				79700A9F1B0F03A50060E81D /* Main.storyboard */,
				21AC4C591BB24CD200375999 /* circle-second-page.png */,
				21AC4C5A1BB24CD200375999 /* circle.png */,
				79700AA21B0F03A50060E81D /* Images.xcassets */,
				79700AA41B0F03A50060E81D /* LaunchScreen.xib */,
				799935551B4B8C6900575085 /* ff.db */,
				79700A991B0F03A50060E81D /* Supporting Files */,
			);
			name = flashforce;
			path = whoscheering;
			sourceTree = "<group>";
		};
		79700A991B0F03A50060E81D /* Supporting Files */ = {
			isa = PBXGroup;
			children = (
				21B1607A1BCE160B0030BF7C /* flash-forward-three-boxes.gif */,
				21B160781BCE130F0030BF7C /* animated-threeboxes-10-13.gif */,
				79914B851B60C1D200CCE6C2 /* FMDatabaseAdditionsVariadic.swift */,
				79914B861B60C1D200CCE6C2 /* FMDatabaseVariadic.swift */,
				79F8CCD61B54C9EE009BF242 /* Reachability.swift */,
				799935421B4B757700575085 /* whoscheering-Bridging-Header.h */,
				799935431B4B757800575085 /* FMDatabase.h */,
				799935441B4B757800575085 /* FMDatabase.m */,
				799935451B4B757800575085 /* FMDatabaseAdditions.h */,
				799935461B4B757800575085 /* FMDatabaseAdditions.m */,
				799935471B4B757800575085 /* FMDatabasePool.h */,
				799935481B4B757800575085 /* FMDatabasePool.m */,
				799935491B4B757800575085 /* FMDatabaseQueue.h */,
				7999354A1B4B757800575085 /* FMDatabaseQueue.m */,
				7999354B1B4B757800575085 /* FMDB.h */,
				7999354C1B4B757800575085 /* FMResultSet.h */,
				7999354D1B4B757800575085 /* FMResultSet.m */,
				79E5BAC61B182AA800870AA6 /* TegKeychain.swift */,
				79E5BAC81B195DC800870AA6 /* TegKeychainConstants.swift */,
				21AC4C5D1BB500FF00375999 /* flash-forward-three-boxes-grayscale.png */,
				79700A9A1B0F03A50060E81D /* Info.plist */,
				218BC1991BBB20A600FF6A9E /* Gif.swift */,
				218BC19B1BBB4F1E00FF6A9E /* longeranimated.gif */,
			);
			name = "Supporting Files";
			sourceTree = "<group>";
		};
		79700AAE1B0F03A50060E81D /* whoscheeringTests */ = {
			isa = PBXGroup;
			children = (
				79700AB11B0F03A50060E81D /* whoscheeringTests.swift */,
				79700AAF1B0F03A50060E81D /* Supporting Files */,
			);
			path = whoscheeringTests;
			sourceTree = "<group>";
		};
		79700AAF1B0F03A50060E81D /* Supporting Files */ = {
			isa = PBXGroup;
			children = (
				79700AB01B0F03A50060E81D /* Info.plist */,
			);
			name = "Supporting Files";
			sourceTree = "<group>";
		};
/* End PBXGroup section */

/* Begin PBXNativeTarget section */
		79700A951B0F03A50060E81D /* Flash Force */ = {
			isa = PBXNativeTarget;
			buildConfigurationList = 79700AB51B0F03A50060E81D /* Build configuration list for PBXNativeTarget "Flash Force" */;
			buildPhases = (
				79700A921B0F03A50060E81D /* Sources */,
				79700A931B0F03A50060E81D /* Frameworks */,
				79700A941B0F03A50060E81D /* Resources */,
			);
			buildRules = (
			);
			dependencies = (
			);
			name = "Flash Force";
			productName = whoscheering;
			productReference = 79700A961B0F03A50060E81D /* Flash Force.app */;
			productType = "com.apple.product-type.application";
		};
		79700AAA1B0F03A50060E81D /* Flash ForceTests */ = {
			isa = PBXNativeTarget;
			buildConfigurationList = 79700AB81B0F03A50060E81D /* Build configuration list for PBXNativeTarget "Flash ForceTests" */;
			buildPhases = (
				79700AA71B0F03A50060E81D /* Sources */,
				79700AA81B0F03A50060E81D /* Frameworks */,
				79700AA91B0F03A50060E81D /* Resources */,
			);
			buildRules = (
			);
			dependencies = (
				79700AAD1B0F03A50060E81D /* PBXTargetDependency */,
			);
			name = "Flash ForceTests";
			productName = whoscheeringTests;
			productReference = 79700AAB1B0F03A50060E81D /* Flash ForceTests.xctest */;
			productType = "com.apple.product-type.bundle.unit-test";
		};
/* End PBXNativeTarget section */

/* Begin PBXProject section */
		79700A8E1B0F03A50060E81D /* Project object */ = {
			isa = PBXProject;
			attributes = {
				LastSwiftUpdateCheck = 0700;
				LastUpgradeCheck = 0700;
				ORGANIZATIONNAME = Conrad;
				TargetAttributes = {
					79700A951B0F03A50060E81D = {
						CreatedOnToolsVersion = 6.3.2;
						DevelopmentTeam = M37WE7YJ9Y;
						SystemCapabilities = {
							com.apple.BackgroundModes = {
								enabled = 1;
							};
							com.apple.InAppPurchase = {
								enabled = 1;
							};
						};
					};
					79700AAA1B0F03A50060E81D = {
						CreatedOnToolsVersion = 6.3.2;
						TestTargetID = 79700A951B0F03A50060E81D;
					};
				};
			};
			buildConfigurationList = 79700A911B0F03A50060E81D /* Build configuration list for PBXProject "FlashForce" */;
			compatibilityVersion = "Xcode 3.2";
			developmentRegion = English;
			hasScannedForEncodings = 0;
			knownRegions = (
				en,
				Base,
			);
			mainGroup = 79700A8D1B0F03A50060E81D;
			productRefGroup = 79700A971B0F03A50060E81D /* Products */;
			projectDirPath = "";
			projectRoot = "";
			targets = (
				79700A951B0F03A50060E81D /* Flash Force */,
				79700AAA1B0F03A50060E81D /* Flash ForceTests */,
			);
		};
/* End PBXProject section */

/* Begin PBXResourcesBuildPhase section */
		79700A941B0F03A50060E81D /* Resources */ = {
			isa = PBXResourcesBuildPhase;
			buildActionMask = 2147483647;
			files = (
				218BC19C1BBB4F1E00FF6A9E /* longeranimated.gif in Resources */,
				79700AA11B0F03A50060E81D /* Main.storyboard in Resources */,
				21B1607B1BCE160B0030BF7C /* flash-forward-three-boxes.gif in Resources */,
				79700AA61B0F03A50060E81D /* LaunchScreen.xib in Resources */,
				21B160791BCE130F0030BF7C /* animated-threeboxes-10-13.gif in Resources */,
				79700AA31B0F03A50060E81D /* Images.xcassets in Resources */,
				21AC4C5C1BB24CD300375999 /* circle.png in Resources */,
				21AC4C5B1BB24CD300375999 /* circle-second-page.png in Resources */,
				21AC4C5E1BB500FF00375999 /* flash-forward-three-boxes-grayscale.png in Resources */,
			);
			runOnlyForDeploymentPostprocessing = 0;
		};
		79700AA91B0F03A50060E81D /* Resources */ = {
			isa = PBXResourcesBuildPhase;
			buildActionMask = 2147483647;
			files = (
			);
			runOnlyForDeploymentPostprocessing = 0;
		};
/* End PBXResourcesBuildPhase section */

/* Begin PBXSourcesBuildPhase section */
		79700A921B0F03A50060E81D /* Sources */ = {
			isa = PBXSourcesBuildPhase;
			buildActionMask = 2147483647;
			files = (
				79F8CCD71B54C9EE009BF242 /* Reachability.swift in Sources */,
				79E5BAC71B182AA800870AA6 /* TegKeychain.swift in Sources */,
				799935501B4B757800575085 /* FMDatabasePool.m in Sources */,
				799935521B4B757800575085 /* FMResultSet.m in Sources */,
				796C35701B142CB200ABE2FE /* SecondBrowseViewController.swift in Sources */,
				79914B8C1B64197F00CCE6C2 /* FetchViewController.swift in Sources */,
				218BC19A1BBB20A600FF6A9E /* Gif.swift in Sources */,
				796C35721B14328000ABE2FE /* StoreData.swift in Sources */,
				79914B8A1B60C3FE00CCE6C2 /* AlternateViewController.swift in Sources */,
				799935511B4B757800575085 /* FMDatabaseQueue.m in Sources */,
				7999354E1B4B757800575085 /* FMDatabase.m in Sources */,
				79914B871B60C1D200CCE6C2 /* FMDatabaseAdditionsVariadic.swift in Sources */,
				79700A9E1B0F03A50060E81D /* ViewController.swift in Sources */,
				79700A9C1B0F03A50060E81D /* AppDelegate.swift in Sources */,
				7999354F1B4B757800575085 /* FMDatabaseAdditions.m in Sources */,
				7972FB421B0F0EB30046B1B7 /* CheerViewController.swift in Sources */,
				796C356E1B1427E500ABE2FE /* BrowseViewController.swift in Sources */,
				79914B881B60C1D200CCE6C2 /* FMDatabaseVariadic.swift in Sources */,
				79E5BAC91B195DC800870AA6 /* TegKeychainConstants.swift in Sources */,
			);
			runOnlyForDeploymentPostprocessing = 0;
		};
		79700AA71B0F03A50060E81D /* Sources */ = {
			isa = PBXSourcesBuildPhase;
			buildActionMask = 2147483647;
			files = (
				79700AB21B0F03A50060E81D /* whoscheeringTests.swift in Sources */,
			);
			runOnlyForDeploymentPostprocessing = 0;
		};
/* End PBXSourcesBuildPhase section */

/* Begin PBXTargetDependency section */
		79700AAD1B0F03A50060E81D /* PBXTargetDependency */ = {
			isa = PBXTargetDependency;
			target = 79700A951B0F03A50060E81D /* Flash Force */;
			targetProxy = 79700AAC1B0F03A50060E81D /* PBXContainerItemProxy */;
		};
/* End PBXTargetDependency section */

/* Begin PBXVariantGroup section */
		79700A9F1B0F03A50060E81D /* Main.storyboard */ = {
			isa = PBXVariantGroup;
			children = (
				79700AA01B0F03A50060E81D /* Base */,
			);
			name = Main.storyboard;
			sourceTree = "<group>";
		};
		79700AA41B0F03A50060E81D /* LaunchScreen.xib */ = {
			isa = PBXVariantGroup;
			children = (
				79700AA51B0F03A50060E81D /* Base */,
			);
			name = LaunchScreen.xib;
			sourceTree = "<group>";
		};
/* End PBXVariantGroup section */

/* Begin XCBuildConfiguration section */
		79700AB31B0F03A50060E81D /* Debug */ = {
			isa = XCBuildConfiguration;
			buildSettings = {
				ALWAYS_SEARCH_USER_PATHS = NO;
				CLANG_CXX_LANGUAGE_STANDARD = "gnu++0x";
				CLANG_CXX_LIBRARY = "libc++";
				CLANG_ENABLE_MODULES = YES;
				CLANG_ENABLE_OBJC_ARC = YES;
				CLANG_WARN_BOOL_CONVERSION = YES;
				CLANG_WARN_CONSTANT_CONVERSION = YES;
				CLANG_WARN_DIRECT_OBJC_ISA_USAGE = YES_ERROR;
				CLANG_WARN_EMPTY_BODY = YES;
				CLANG_WARN_ENUM_CONVERSION = YES;
				CLANG_WARN_INT_CONVERSION = YES;
				CLANG_WARN_OBJC_ROOT_CLASS = YES_ERROR;
				CLANG_WARN_UNREACHABLE_CODE = YES;
				CLANG_WARN__DUPLICATE_METHOD_MATCH = YES;
				"CODE_SIGN_IDENTITY[sdk=iphoneos*]" = "iPhone Developer";
				COPY_PHASE_STRIP = NO;
				DEBUG_INFORMATION_FORMAT = "dwarf-with-dsym";
				ENABLE_STRICT_OBJC_MSGSEND = YES;
				ENABLE_TESTABILITY = YES;
				GCC_C_LANGUAGE_STANDARD = gnu99;
				GCC_DYNAMIC_NO_PIC = NO;
				GCC_NO_COMMON_BLOCKS = YES;
				GCC_OPTIMIZATION_LEVEL = 0;
				GCC_PREPROCESSOR_DEFINITIONS = (
					"DEBUG=1",
					"$(inherited)",
				);
				GCC_SYMBOLS_PRIVATE_EXTERN = NO;
				GCC_WARN_64_TO_32_BIT_CONVERSION = YES;
				GCC_WARN_ABOUT_RETURN_TYPE = YES_ERROR;
				GCC_WARN_UNDECLARED_SELECTOR = YES;
				GCC_WARN_UNINITIALIZED_AUTOS = YES_AGGRESSIVE;
				GCC_WARN_UNUSED_FUNCTION = YES;
				GCC_WARN_UNUSED_VARIABLE = YES;
				IPHONEOS_DEPLOYMENT_TARGET = 8.3;
				MTL_ENABLE_DEBUG_INFO = YES;
				ONLY_ACTIVE_ARCH = YES;
				SDKROOT = iphoneos;
				SWIFT_OPTIMIZATION_LEVEL = "-Onone";
				TARGETED_DEVICE_FAMILY = "1,2";
			};
			name = Debug;
		};
		79700AB41B0F03A50060E81D /* Release */ = {
			isa = XCBuildConfiguration;
			buildSettings = {
				ALWAYS_SEARCH_USER_PATHS = NO;
				CLANG_CXX_LANGUAGE_STANDARD = "gnu++0x";
				CLANG_CXX_LIBRARY = "libc++";
				CLANG_ENABLE_MODULES = YES;
				CLANG_ENABLE_OBJC_ARC = YES;
				CLANG_WARN_BOOL_CONVERSION = YES;
				CLANG_WARN_CONSTANT_CONVERSION = YES;
				CLANG_WARN_DIRECT_OBJC_ISA_USAGE = YES_ERROR;
				CLANG_WARN_EMPTY_BODY = YES;
				CLANG_WARN_ENUM_CONVERSION = YES;
				CLANG_WARN_INT_CONVERSION = YES;
				CLANG_WARN_OBJC_ROOT_CLASS = YES_ERROR;
				CLANG_WARN_UNREACHABLE_CODE = YES;
				CLANG_WARN__DUPLICATE_METHOD_MATCH = YES;
				"CODE_SIGN_IDENTITY[sdk=iphoneos*]" = "iPhone Developer";
				COPY_PHASE_STRIP = NO;
				DEBUG_INFORMATION_FORMAT = "dwarf-with-dsym";
				ENABLE_NS_ASSERTIONS = NO;
				ENABLE_STRICT_OBJC_MSGSEND = YES;
				GCC_C_LANGUAGE_STANDARD = gnu99;
				GCC_NO_COMMON_BLOCKS = YES;
				GCC_WARN_64_TO_32_BIT_CONVERSION = YES;
				GCC_WARN_ABOUT_RETURN_TYPE = YES_ERROR;
				GCC_WARN_UNDECLARED_SELECTOR = YES;
				GCC_WARN_UNINITIALIZED_AUTOS = YES_AGGRESSIVE;
				GCC_WARN_UNUSED_FUNCTION = YES;
				GCC_WARN_UNUSED_VARIABLE = YES;
				IPHONEOS_DEPLOYMENT_TARGET = 8.3;
				MTL_ENABLE_DEBUG_INFO = NO;
				SDKROOT = iphoneos;
				TARGETED_DEVICE_FAMILY = "1,2";
				VALIDATE_PRODUCT = YES;
			};
			name = Release;
		};
		79700AB61B0F03A50060E81D /* Debug */ = {
			isa = XCBuildConfiguration;
			buildSettings = {
				ASSETCATALOG_COMPILER_APPICON_NAME = AppIcon;
				ASSETCATALOG_COMPILER_LAUNCHIMAGE_NAME = LaunchImage;
				CLANG_ENABLE_MODULES = YES;
				CODE_SIGN_IDENTITY = "iPhone Developer";
				"CODE_SIGN_IDENTITY[sdk=iphoneos*]" = "iPhone Developer";
				INFOPLIST_FILE = whoscheering/Info.plist;
				IPHONEOS_DEPLOYMENT_TARGET = 8.0;
				LD_RUNPATH_SEARCH_PATHS = "$(inherited) @executable_path/Frameworks";
				PRODUCT_BUNDLE_IDENTIFIER = "com.smarterapps.flashforceFlash-Force";
				PRODUCT_NAME = "Flash Force";
				PROVISIONING_PROFILE = "";
				SWIFT_OBJC_BRIDGING_HEADER = "whoscheering/whoscheering-Bridging-Header.h";
				SWIFT_OPTIMIZATION_LEVEL = "-Onone";
				TARGETED_DEVICE_FAMILY = "1,2";
			};
			name = Debug;
		};
		79700AB71B0F03A50060E81D /* Release */ = {
			isa = XCBuildConfiguration;
			buildSettings = {
				ASSETCATALOG_COMPILER_APPICON_NAME = AppIcon;
				ASSETCATALOG_COMPILER_LAUNCHIMAGE_NAME = LaunchImage;
				CLANG_ENABLE_MODULES = YES;
				CODE_SIGN_IDENTITY = "iPhone Developer";
				"CODE_SIGN_IDENTITY[sdk=iphoneos*]" = "iPhone Developer";
				INFOPLIST_FILE = whoscheering/Info.plist;
				IPHONEOS_DEPLOYMENT_TARGET = 8.0;
				LD_RUNPATH_SEARCH_PATHS = "$(inherited) @executable_path/Frameworks";
				PRODUCT_BUNDLE_IDENTIFIER = "com.smarterapps.flashforceFlash-Force";
				PRODUCT_NAME = "Flash Force";
				PROVISIONING_PROFILE = "";
				SWIFT_OBJC_BRIDGING_HEADER = "whoscheering/whoscheering-Bridging-Header.h";
				TARGETED_DEVICE_FAMILY = "1,2";
			};
			name = Release;
		};
		79700AB91B0F03A50060E81D /* Debug */ = {
			isa = XCBuildConfiguration;
			buildSettings = {
				BUNDLE_LOADER = "$(TEST_HOST)";
				FRAMEWORK_SEARCH_PATHS = (
					"$(SDKROOT)/Developer/Library/Frameworks",
					"$(inherited)",
				);
				GCC_PREPROCESSOR_DEFINITIONS = (
					"DEBUG=1",
					"$(inherited)",
				);
				INFOPLIST_FILE = whoscheeringTests/Info.plist;
				LD_RUNPATH_SEARCH_PATHS = "$(inherited) @executable_path/Frameworks @loader_path/Frameworks";
				PRODUCT_BUNDLE_IDENTIFIER = "cheersoft.$(PRODUCT_NAME:rfc1034identifier)";
				PRODUCT_NAME = "Flash ForceTests";
				TEST_HOST = "$(BUILT_PRODUCTS_DIR)/whoscheering.app/whoscheering";
			};
			name = Debug;
		};
		79700ABA1B0F03A50060E81D /* Release */ = {
			isa = XCBuildConfiguration;
			buildSettings = {
				BUNDLE_LOADER = "$(TEST_HOST)";
				FRAMEWORK_SEARCH_PATHS = (
					"$(SDKROOT)/Developer/Library/Frameworks",
					"$(inherited)",
				);
				INFOPLIST_FILE = whoscheeringTests/Info.plist;
				LD_RUNPATH_SEARCH_PATHS = "$(inherited) @executable_path/Frameworks @loader_path/Frameworks";
				PRODUCT_BUNDLE_IDENTIFIER = "cheersoft.$(PRODUCT_NAME:rfc1034identifier)";
				PRODUCT_NAME = "Flash ForceTests";
				TEST_HOST = "$(BUILT_PRODUCTS_DIR)/whoscheering.app/whoscheering";
			};
			name = Release;
		};
/* End XCBuildConfiguration section */

/* Begin XCConfigurationList section */
		79700A911B0F03A50060E81D /* Build configuration list for PBXProject "FlashForce" */ = {
			isa = XCConfigurationList;
			buildConfigurations = (
				79700AB31B0F03A50060E81D /* Debug */,
				79700AB41B0F03A50060E81D /* Release */,
			);
			defaultConfigurationIsVisible = 0;
			defaultConfigurationName = Release;
		};
		79700AB51B0F03A50060E81D /* Build configuration list for PBXNativeTarget "Flash Force" */ = {
			isa = XCConfigurationList;
			buildConfigurations = (
				79700AB61B0F03A50060E81D /* Debug */,
				79700AB71B0F03A50060E81D /* Release */,
			);
			defaultConfigurationIsVisible = 0;
			defaultConfigurationName = Release;
		};
		79700AB81B0F03A50060E81D /* Build configuration list for PBXNativeTarget "Flash ForceTests" */ = {
			isa = XCConfigurationList;
			buildConfigurations = (
				79700AB91B0F03A50060E81D /* Debug */,
				79700ABA1B0F03A50060E81D /* Release */,
			);
			defaultConfigurationIsVisible = 0;
			defaultConfigurationName = Release;
		};
/* End XCConfigurationList section */
	};
	rootObject = 79700A8E1B0F03A50060E81D /* Project object */;
}
